
Microsoft Visual Studio Solution File, Format Version 12.00
# Visual Studio Version 17
VisualStudioVersion = 17.4.33213.308
MinimumVisualStudioVersion = 10.0.40219.1
Project("{FAE04EC0-301F-11D3-BF4B-00C04F79EFBC}") = "CPSC1012Lab06Glaiza", "CPSC1012Lab06Glaiza\CPSC1012Lab06Glaiza.csproj", "{A68196C4-CD56-449F-BBEC-13BAD240AC2B}"
EndProject
Global
	GlobalSection(SolutionConfigurationPlatforms) = preSolution
		Debug|Any CPU = Debug|Any CPU
		Release|Any CPU = Release|Any CPU
	EndGlobalSection
	GlobalSection(ProjectConfigurationPlatforms) = postSolution
		{A68196C4-CD56-449F-BBEC-13BAD240AC2B}.Debug|Any CPU.ActiveCfg = Debug|Any CPU
		{A68196C4-CD56-449F-BBEC-13BAD240AC2B}.Debug|Any CPU.Build.0 = Debug|Any CPU
		{A68196C4-CD56-449F-BBEC-13BAD240AC2B}.Release|Any CPU.ActiveCfg = Release|Any CPU
		{A68196C4-CD56-449F-BBEC-13BAD240AC2B}.Release|Any CPU.Build.0 = Release|Any CPU
	EndGlobalSection
	GlobalSection(SolutionProperties) = preSolution
		HideSolutionNode = FALSE
	EndGlobalSection
	GlobalSection(ExtensibilityGlobals) = postSolution
		SolutionGuid = {4D2AFF4D-48C5-4B40-AABD-DA706D54E7BD}
	EndGlobalSection
EndGlobal
